
Microsoft Visual Studio Solution File, Format Version 12.00
# Visual Studio Version 16
VisualStudioVersion = 16.0.30907.101
MinimumVisualStudioVersion = 10.0.40219.1
Project("{9A19103F-16F7-4668-BE54-9A1E7A4F7556}") = "Database", "Database\Database.csproj", "{F57A5AAA-D11A-4DB0-A52A-35ACC33DFB18}"
EndProject
Project("{9A19103F-16F7-4668-BE54-9A1E7A4F7556}") = "Services", "Services\Services.csproj", "{8F0F96AC-61D4-4FA0-98DC-FB6789542321}"
EndProject
Project("{FAE04EC0-301F-11D3-BF4B-00C04F79EFBC}") = "Web", "Web\Web.csproj", "{22132D14-1596-420D-8C29-9D525D2F4D63}"
EndProject
Global
	GlobalSection(SolutionConfigurationPlatforms) = preSolution
		Debug|Any CPU = Debug|Any CPU
		Release|Any CPU = Release|Any CPU
	EndGlobalSection
	GlobalSection(ProjectConfigurationPlatforms) = postSolution
		{F57A5AAA-D11A-4DB0-A52A-35ACC33DFB18}.Debug|Any CPU.ActiveCfg = Debug|Any CPU
		{F57A5AAA-D11A-4DB0-A52A-35ACC33DFB18}.Debug|Any CPU.Build.0 = Debug|Any CPU
		{F57A5AAA-D11A-4DB0-A52A-35ACC33DFB18}.Release|Any CPU.ActiveCfg = Release|Any CPU
		{F57A5AAA-D11A-4DB0-A52A-35ACC33DFB18}.Release|Any CPU.Build.0 = Release|Any CPU
		{8F0F96AC-61D4-4FA0-98DC-FB6789542321}.Debug|Any CPU.ActiveCfg = Debug|Any CPU
		{8F0F96AC-61D4-4FA0-98DC-FB6789542321}.Debug|Any CPU.Build.0 = Debug|Any CPU
		{8F0F96AC-61D4-4FA0-98DC-FB6789542321}.Release|Any CPU.ActiveCfg = Release|Any CPU
		{8F0F96AC-61D4-4FA0-98DC-FB6789542321}.Release|Any CPU.Build.0 = Release|Any CPU
		{22132D14-1596-420D-8C29-9D525D2F4D63}.Debug|Any CPU.ActiveCfg = Debug|Any CPU
		{22132D14-1596-420D-8C29-9D525D2F4D63}.Debug|Any CPU.Build.0 = Debug|Any CPU
		{22132D14-1596-420D-8C29-9D525D2F4D63}.Release|Any CPU.ActiveCfg = Release|Any CPU
		{22132D14-1596-420D-8C29-9D525D2F4D63}.Release|Any CPU.Build.0 = Release|Any CPU
	EndGlobalSection
	GlobalSection(SolutionProperties) = preSolution
		HideSolutionNode = FALSE
	EndGlobalSection
	GlobalSection(ExtensibilityGlobals) = postSolution
		SolutionGuid = {671BE392-C250-4EDB-9B31-ED187B712D61}
	EndGlobalSection
EndGlobal
